// !$*UTF8*$!
{
	archiveVersion = 1;
	classes = {
	};
	objectVersion = 56;
	objects = {

/* Begin PBXBuildFile section */
		E43C898529747DEB00FA6205 /* AppDelegate.swift in Sources */ = {isa = PBXBuildFile; fileRef = E43C898429747DEB00FA6205 /* AppDelegate.swift */; };
		E43C898729747DEB00FA6205 /* ViewController.swift in Sources */ = {isa = PBXBuildFile; fileRef = E43C898629747DEB00FA6205 /* ViewController.swift */; };
		E43C898929747DEC00FA6205 /* Assets.xcassets in Resources */ = {isa = PBXBuildFile; fileRef = E43C898829747DEC00FA6205 /* Assets.xcassets */; };
		E43C898C29747DEC00FA6205 /* Main.storyboard in Resources */ = {isa = PBXBuildFile; fileRef = E43C898A29747DEC00FA6205 /* Main.storyboard */; };
		E43C899429747E2100FA6205 /* MathRoutines.swift in Sources */ = {isa = PBXBuildFile; fileRef = E43C899329747E2100FA6205 /* MathRoutines.swift */; };
		E43C89962974B45300FA6205 /* Array_Extensions.swift in Sources */ = {isa = PBXBuildFile; fileRef = E43C89952974B45300FA6205 /* Array_Extensions.swift */; };
/* End PBXBuildFile section */

/* Begin PBXFileReference section */
		E43C898129747DEB00FA6205 /* SIMD_Accelerate_Matrix_Math.app */ = {isa = PBXFileReference; explicitFileType = wrapper.application; includeInIndex = 0; path = SIMD_Accelerate_Matrix_Math.app; sourceTree = BUILT_PRODUCTS_DIR; };
		E43C898429747DEB00FA6205 /* AppDelegate.swift */ = {isa = PBXFileReference; lastKnownFileType = sourcecode.swift; path = AppDelegate.swift; sourceTree = "<group>"; };
		E43C898629747DEB00FA6205 /* ViewController.swift */ = {isa = PBXFileReference; lastKnownFileType = sourcecode.swift; path = ViewController.swift; sourceTree = "<group>"; };
		E43C898829747DEC00FA6205 /* Assets.xcassets */ = {isa = PBXFileReference; lastKnownFileType = folder.assetcatalog; path = Assets.xcassets; sourceTree = "<group>"; };
		E43C898B29747DEC00FA6205 /* Base */ = {isa = PBXFileReference; lastKnownFileType = file.storyboard; name = Base; path = Base.lproj/Main.storyboard; sourceTree = "<group>"; };
		E43C898D29747DEC00FA6205 /* SIMD_Accelerate_Matrix_Math.entitlements */ = {isa = PBXFileReference; lastKnownFileType = text.plist.entitlements; path = SIMD_Accelerate_Matrix_Math.entitlements; sourceTree = "<group>"; };
		E43C899329747E2100FA6205 /* MathRoutines.swift */ = {isa = PBXFileReference; lastKnownFileType = sourcecode.swift; path = MathRoutines.swift; sourceTree = "<group>"; };
		E43C89952974B45300FA6205 /* Array_Extensions.swift */ = {isa = PBXFileReference; lastKnownFileType = sourcecode.swift; path = Array_Extensions.swift; sourceTree = "<group>"; };
/* End PBXFileReference section */

/* Begin PBXFrameworksBuildPhase section */
		E43C897E29747DEB00FA6205 /* Frameworks */ = {
			isa = PBXFrameworksBuildPhase;
			buildActionMask = 2147483647;
			files = (
			);
			runOnlyForDeploymentPostprocessing = 0;
		};
/* End PBXFrameworksBuildPhase section */

/* Begin PBXGroup section */
		E43C897829747DEB00FA6205 = {
			isa = PBXGroup;
			children = (
				E43C898329747DEB00FA6205 /* SIMD_Accelerate_Matrix_Math */,
				E43C898229747DEB00FA6205 /* Products */,
			);
			sourceTree = "<group>";
		};
		E43C898229747DEB00FA6205 /* Products */ = {
			isa = PBXGroup;
			children = (
				E43C898129747DEB00FA6205 /* SIMD_Accelerate_Matrix_Math.app */,
			);
			name = Products;
			sourceTree = "<group>";
		};
		E43C898329747DEB00FA6205 /* SIMD_Accelerate_Matrix_Math */ = {
			isa = PBXGroup;
			children = (
				E43C898429747DEB00FA6205 /* AppDelegate.swift */,
				E43C898629747DEB00FA6205 /* ViewController.swift */,
				E43C899329747E2100FA6205 /* MathRoutines.swift */,
				E43C89952974B45300FA6205 /* Array_Extensions.swift */,
				E43C898829747DEC00FA6205 /* Assets.xcassets */,
				E43C898A29747DEC00FA6205 /* Main.storyboard */,
				E43C898D29747DEC00FA6205 /* SIMD_Accelerate_Matrix_Math.entitlements */,
			);
			path = SIMD_Accelerate_Matrix_Math;
			sourceTree = "<group>";
		};
/* End PBXGroup section */

/* Begin PBXNativeTarget section */
		E43C898029747DEB00FA6205 /* SIMD_Accelerate_Matrix_Math */ = {
			isa = PBXNativeTarget;
			buildConfigurationList = E43C899029747DEC00FA6205 /* Build configuration list for PBXNativeTarget "SIMD_Accelerate_Matrix_Math" */;
			buildPhases = (
				E43C897D29747DEB00FA6205 /* Sources */,
				E43C897E29747DEB00FA6205 /* Frameworks */,
				E43C897F29747DEB00FA6205 /* Resources */,
			);
			buildRules = (
			);
			dependencies = (
			);
			name = SIMD_Accelerate_Matrix_Math;
			productName = SIMD_Accelerate_Matrix_Math;
			productReference = E43C898129747DEB00FA6205 /* SIMD_Accelerate_Matrix_Math.app */;
			productType = "com.apple.product-type.application";
		};
/* End PBXNativeTarget section */

/* Begin PBXProject section */
		E43C897929747DEB00FA6205 /* Project object */ = {
			isa = PBXProject;
			attributes = {
				BuildIndependentTargetsInParallel = 1;
				LastSwiftUpdateCheck = 1410;
				LastUpgradeCheck = 1410;
				TargetAttributes = {
					E43C898029747DEB00FA6205 = {
						CreatedOnToolsVersion = 14.1;
					};
				};
			};
			buildConfigurationList = E43C897C29747DEB00FA6205 /* Build configuration list for PBXProject "SIMD_Accelerate_Matrix_Math" */;
			compatibilityVersion = "Xcode 14.0";
			developmentRegion = en;
			hasScannedForEncodings = 0;
			knownRegions = (
				en,
				Base,
			);
			mainGroup = E43C897829747DEB00FA6205;
			productRefGroup = E43C898229747DEB00FA6205 /* Products */;
			projectDirPath = "";
			projectRoot = "";
			targets = (
				E43C898029747DEB00FA6205 /* SIMD_Accelerate_Matrix_Math */,
			);
		};
/* End PBXProject section */

/* Begin PBXResourcesBuildPhase section */
		E43C897F29747DEB00FA6205 /* Resources */ = {
			isa = PBXResourcesBuildPhase;
			buildActionMask = 2147483647;
			files = (
				E43C898929747DEC00FA6205 /* Assets.xcassets in Resources */,
				E43C898C29747DEC00FA6205 /* Main.storyboard in Resources */,
			);
			runOnlyForDeploymentPostprocessing = 0;
		};
/* End PBXResourcesBuildPhase section */

/* Begin PBXSourcesBuildPhase section */
		E43C897D29747DEB00FA6205 /* Sources */ = {
			isa = PBXSourcesBuildPhase;
			buildActionMask = 2147483647;
			files = (
				E43C898729747DEB00FA6205 /* ViewController.swift in Sources */,
				E43C899429747E2100FA6205 /* MathRoutines.swift in Sources */,
				E43C898529747DEB00FA6205 /* AppDelegate.swift in Sources */,
				E43C89962974B45300FA6205 /* Array_Extensions.swift in Sources */,
			);
			runOnlyForDeploymentPostprocessing = 0;
		};
/* End PBXSourcesBuildPhase section */

/* Begin PBXVariantGroup section */
		E43C898A29747DEC00FA6205 /* Main.storyboard */ = {
			isa = PBXVariantGroup;
			children = (
				E43C898B29747DEC00FA6205 /* Base */,
			);
			name = Main.storyboard;
			sourceTree = "<group>";
		};
/* End PBXVariantGroup section */

/* Begin XCBuildConfiguration section */
		E43C898E29747DEC00FA6205 /* Debug */ = {
			isa = XCBuildConfiguration;
			buildSettings = {
				ALWAYS_SEARCH_USER_PATHS = NO;
				CLANG_ANALYZER_NONNULL = YES;
				CLANG_ANALYZER_NUMBER_OBJECT_CONVERSION = YES_AGGRESSIVE;
				CLANG_CXX_LANGUAGE_STANDARD = "gnu++20";
				CLANG_ENABLE_MODULES = YES;
				CLANG_ENABLE_OBJC_ARC = YES;
				CLANG_ENABLE_OBJC_WEAK = YES;
				CLANG_WARN_BLOCK_CAPTURE_AUTORELEASING = YES;
				CLANG_WARN_BOOL_CONVERSION = YES;
				CLANG_WARN_COMMA = YES;
				CLANG_WARN_CONSTANT_CONVERSION = YES;
				CLANG_WARN_DEPRECATED_OBJC_IMPLEMENTATIONS = YES;
				CLANG_WARN_DIRECT_OBJC_ISA_USAGE = YES_ERROR;
				CLANG_WARN_DOCUMENTATION_COMMENTS = YES;
				CLANG_WARN_EMPTY_BODY = YES;
				CLANG_WARN_ENUM_CONVERSION = YES;
				CLANG_WARN_INFINITE_RECURSION = YES;
				CLANG_WARN_INT_CONVERSION = YES;
				CLANG_WARN_NON_LITERAL_NULL_CONVERSION = YES;
				CLANG_WARN_OBJC_IMPLICIT_RETAIN_SELF = YES;
				CLANG_WARN_OBJC_LITERAL_CONVERSION = YES;
				CLANG_WARN_OBJC_ROOT_CLASS = YES_ERROR;
				CLANG_WARN_QUOTED_INCLUDE_IN_FRAMEWORK_HEADER = YES;
				CLANG_WARN_RANGE_LOOP_ANALYSIS = YES;
				CLANG_WARN_STRICT_PROTOTYPES = YES;
				CLANG_WARN_SUSPICIOUS_MOVE = YES;
				CLANG_WARN_UNGUARDED_AVAILABILITY = YES_AGGRESSIVE;
				CLANG_WARN_UNREACHABLE_CODE = YES;
				CLANG_WARN__DUPLICATE_METHOD_MATCH = YES;
				COPY_PHASE_STRIP = NO;
				DEBUG_INFORMATION_FORMAT = dwarf;
				ENABLE_STRICT_OBJC_MSGSEND = YES;
				ENABLE_TESTABILITY = YES;
				GCC_C_LANGUAGE_STANDARD = gnu11;
				GCC_DYNAMIC_NO_PIC = NO;
				GCC_NO_COMMON_BLOCKS = YES;
				GCC_OPTIMIZATION_LEVEL = 0;
				GCC_PREPROCESSOR_DEFINITIONS = (
					"DEBUG=1",
					"$(inherited)",
				);
				GCC_WARN_64_TO_32_BIT_CONVERSION = YES;
				GCC_WARN_ABOUT_RETURN_TYPE = YES_ERROR;
				GCC_WARN_UNDECLARED_SELECTOR = YES;
				GCC_WARN_UNINITIALIZED_AUTOS = YES_AGGRESSIVE;
				GCC_WARN_UNUSED_FUNCTION = YES;
				GCC_WARN_UNUSED_VARIABLE = YES;
				MACOSX_DEPLOYMENT_TARGET = 13.0;
				MTL_ENABLE_DEBUG_INFO = INCLUDE_SOURCE;
				MTL_FAST_MATH = YES;
				ONLY_ACTIVE_ARCH = YES;
				SDKROOT = macosx;
				SWIFT_ACTIVE_COMPILATION_CONDITIONS = DEBUG;
				SWIFT_OPTIMIZATION_LEVEL = "-Onone";
			};
			name = Debug;
		};
		E43C898F29747DEC00FA6205 /* Release */ = {
			isa = XCBuildConfiguration;
			buildSettings = {
				ALWAYS_SEARCH_USER_PATHS = NO;
				CLANG_ANALYZER_NONNULL = YES;
				CLANG_ANALYZER_NUMBER_OBJECT_CONVERSION = YES_AGGRESSIVE;
				CLANG_CXX_LANGUAGE_STANDARD = "gnu++20";
				CLANG_ENABLE_MODULES = YES;
				CLANG_ENABLE_OBJC_ARC = YES;
				CLANG_ENABLE_OBJC_WEAK = YES;
				CLANG_WARN_BLOCK_CAPTURE_AUTORELEASING = YES;
				CLANG_WARN_BOOL_CONVERSION = YES;
				CLANG_WARN_COMMA = YES;
				CLANG_WARN_CONSTANT_CONVERSION = YES;
				CLANG_WARN_DEPRECATED_OBJC_IMPLEMENTATIONS = YES;
				CLANG_WARN_DIRECT_OBJC_ISA_USAGE = YES_ERROR;
				CLANG_WARN_DOCUMENTATION_COMMENTS = YES;
				CLANG_WARN_EMPTY_BODY = YES;
				CLANG_WARN_ENUM_CONVERSION = YES;
				CLANG_WARN_INFINITE_RECURSION = YES;
				CLANG_WARN_INT_CONVERSION = YES;
				CLANG_WARN_NON_LITERAL_NULL_CONVERSION = YES;
				CLANG_WARN_OBJC_IMPLICIT_RETAIN_SELF = YES;
				CLANG_WARN_OBJC_LITERAL_CONVERSION = YES;
				CLANG_WARN_OBJC_ROOT_CLASS = YES_ERROR;
				CLANG_WARN_QUOTED_INCLUDE_IN_FRAMEWORK_HEADER = YES;
				CLANG_WARN_RANGE_LOOP_ANALYSIS = YES;
				CLANG_WARN_STRICT_PROTOTYPES = YES;
				CLANG_WARN_SUSPICIOUS_MOVE = YES;
				CLANG_WARN_UNGUARDED_AVAILABILITY = YES_AGGRESSIVE;
				CLANG_WARN_UNREACHABLE_CODE = YES;
				CLANG_WARN__DUPLICATE_METHOD_MATCH = YES;
				COPY_PHASE_STRIP = NO;
				DEBUG_INFORMATION_FORMAT = "dwarf-with-dsym";
				ENABLE_NS_ASSERTIONS = NO;
				ENABLE_STRICT_OBJC_MSGSEND = YES;
				GCC_C_LANGUAGE_STANDARD = gnu11;
				GCC_NO_COMMON_BLOCKS = YES;
				GCC_WARN_64_TO_32_BIT_CONVERSION = YES;
				GCC_WARN_ABOUT_RETURN_TYPE = YES_ERROR;
				GCC_WARN_UNDECLARED_SELECTOR = YES;
				GCC_WARN_UNINITIALIZED_AUTOS = YES_AGGRESSIVE;
				GCC_WARN_UNUSED_FUNCTION = YES;
				GCC_WARN_UNUSED_VARIABLE = YES;
				MACOSX_DEPLOYMENT_TARGET = 13.0;
				MTL_ENABLE_DEBUG_INFO = NO;
				MTL_FAST_MATH = YES;
				SDKROOT = macosx;
				SWIFT_COMPILATION_MODE = wholemodule;
				SWIFT_OPTIMIZATION_LEVEL = "-O";
			};
			name = Release;
		};
		E43C899129747DEC00FA6205 /* Debug */ = {
			isa = XCBuildConfiguration;
			buildSettings = {
				ASSETCATALOG_COMPILER_APPICON_NAME = AppIcon;
				ASSETCATALOG_COMPILER_GLOBAL_ACCENT_COLOR_NAME = AccentColor;
				CODE_SIGN_ENTITLEMENTS = SIMD_Accelerate_Matrix_Math/SIMD_Accelerate_Matrix_Math.entitlements;
				CODE_SIGN_STYLE = Automatic;
				COMBINE_HIDPI_IMAGES = YES;
				CURRENT_PROJECT_VERSION = 1;
				DEVELOPMENT_TEAM = R28W7FR6SE;
				ENABLE_HARDENED_RUNTIME = YES;
				GENERATE_INFOPLIST_FILE = YES;
				INFOPLIST_KEY_NSHumanReadableCopyright = "";
				INFOPLIST_KEY_NSMainStoryboardFile = Main;
				INFOPLIST_KEY_NSPrincipalClass = NSApplication;
				LD_RUNPATH_SEARCH_PATHS = (
					"$(inherited)",
					"@executable_path/../Frameworks",
				);
				MARKETING_VERSION = 1.0;
				PRODUCT_BUNDLE_IDENTIFIER = "com.unlikelyware.SIMD-Accelerate-Matrix-Math";
				PRODUCT_NAME = "$(TARGET_NAME)";
				SWIFT_EMIT_LOC_STRINGS = YES;
				SWIFT_VERSION = 5.0;
			};
			name = Debug;
		};
		E43C899229747DEC00FA6205 /* Release */ = {
			isa = XCBuildConfiguration;
			buildSettings = {
				ASSETCATALOG_COMPILER_APPICON_NAME = AppIcon;
				ASSETCATALOG_COMPILER_GLOBAL_ACCENT_COLOR_NAME = AccentColor;
				CODE_SIGN_ENTITLEMENTS = SIMD_Accelerate_Matrix_Math/SIMD_Accelerate_Matrix_Math.entitlements;
				CODE_SIGN_STYLE = Automatic;
				COMBINE_HIDPI_IMAGES = YES;
				CURRENT_PROJECT_VERSION = 1;
				DEVELOPMENT_TEAM = R28W7FR6SE;
				ENABLE_HARDENED_RUNTIME = YES;
				GENERATE_INFOPLIST_FILE = YES;
				INFOPLIST_KEY_NSHumanReadableCopyright = "";
				INFOPLIST_KEY_NSMainStoryboardFile = Main;
				INFOPLIST_KEY_NSPrincipalClass = NSApplication;
				LD_RUNPATH_SEARCH_PATHS = (
					"$(inherited)",
					"@executable_path/../Frameworks",
				);
				MARKETING_VERSION = 1.0;
				PRODUCT_BUNDLE_IDENTIFIER = "com.unlikelyware.SIMD-Accelerate-Matrix-Math";
				PRODUCT_NAME = "$(TARGET_NAME)";
				SWIFT_EMIT_LOC_STRINGS = YES;
				SWIFT_VERSION = 5.0;
			};
			name = Release;
		};
/* End XCBuildConfiguration section */

/* Begin XCConfigurationList section */
		E43C897C29747DEB00FA6205 /* Build configuration list for PBXProject "SIMD_Accelerate_Matrix_Math" */ = {
			isa = XCConfigurationList;
			buildConfigurations = (
				E43C898E29747DEC00FA6205 /* Debug */,
				E43C898F29747DEC00FA6205 /* Release */,
			);
			defaultConfigurationIsVisible = 0;
			defaultConfigurationName = Release;
		};
		E43C899029747DEC00FA6205 /* Build configuration list for PBXNativeTarget "SIMD_Accelerate_Matrix_Math" */ = {
			isa = XCConfigurationList;
			buildConfigurations = (
				E43C899129747DEC00FA6205 /* Debug */,
				E43C899229747DEC00FA6205 /* Release */,
			);
			defaultConfigurationIsVisible = 0;
			defaultConfigurationName = Release;
		};
/* End XCConfigurationList section */
	};
	rootObject = E43C897929747DEB00FA6205 /* Project object */;
}
